
Microsoft Visual Studio Solution File, Format Version 12.00
# Visual Studio Version 16
VisualStudioVersion = 16.0.32510.428
MinimumVisualStudioVersion = 10.0.40219.1
Project("{2150E333-8FDC-42A3-9474-1A3956D46DE8}") = "src", "src", "{1E940F43-46C5-46F0-AE0B-049C8A37A2FE}"
EndProject
Project("{2150E333-8FDC-42A3-9474-1A3956D46DE8}") = "tests", "tests", "{CFFFD8CD-B281-4729-8C6D-5DA6A2BBB799}"
EndProject
Project("{2150E333-8FDC-42A3-9474-1A3956D46DE8}") = "common", "common", "{A9E08FDF-6F67-4FFB-9AD6-DF1C7C6BED0B}"
	ProjectSection(SolutionItems) = preProject
		.gitignore = .gitignore
	EndProjectSection
EndProject
Project("{9A19103F-16F7-4668-BE54-9A1E7A4F7556}") = "WeatherSensors.Client", "src\WeatherSensors.Client\WeatherSensors.Client.csproj", "{CDDEACC5-BB03-42DF-999C-1072DD4ABCFB}"
EndProject
Project("{9A19103F-16F7-4668-BE54-9A1E7A4F7556}") = "WeatherSensors.Service", "src\WeatherSensors.Service\WeatherSensors.Service.csproj", "{420A16DB-04F2-4863-8616-F0405E448A18}"
EndProject
Global
	GlobalSection(SolutionConfigurationPlatforms) = preSolution
		Debug|Any CPU = Debug|Any CPU
		Release|Any CPU = Release|Any CPU
	EndGlobalSection
	GlobalSection(ProjectConfigurationPlatforms) = postSolution
		{CDDEACC5-BB03-42DF-999C-1072DD4ABCFB}.Debug|Any CPU.ActiveCfg = Debug|Any CPU
		{CDDEACC5-BB03-42DF-999C-1072DD4ABCFB}.Debug|Any CPU.Build.0 = Debug|Any CPU
		{CDDEACC5-BB03-42DF-999C-1072DD4ABCFB}.Release|Any CPU.ActiveCfg = Release|Any CPU
		{CDDEACC5-BB03-42DF-999C-1072DD4ABCFB}.Release|Any CPU.Build.0 = Release|Any CPU
		{420A16DB-04F2-4863-8616-F0405E448A18}.Debug|Any CPU.ActiveCfg = Debug|Any CPU
		{420A16DB-04F2-4863-8616-F0405E448A18}.Debug|Any CPU.Build.0 = Debug|Any CPU
		{420A16DB-04F2-4863-8616-F0405E448A18}.Release|Any CPU.ActiveCfg = Release|Any CPU
		{420A16DB-04F2-4863-8616-F0405E448A18}.Release|Any CPU.Build.0 = Release|Any CPU
	EndGlobalSection
	GlobalSection(SolutionProperties) = preSolution
		HideSolutionNode = FALSE
	EndGlobalSection
	GlobalSection(NestedProjects) = preSolution
		{CDDEACC5-BB03-42DF-999C-1072DD4ABCFB} = {1E940F43-46C5-46F0-AE0B-049C8A37A2FE}
		{420A16DB-04F2-4863-8616-F0405E448A18} = {1E940F43-46C5-46F0-AE0B-049C8A37A2FE}
	EndGlobalSection
	GlobalSection(ExtensibilityGlobals) = postSolution
		SolutionGuid = {C75D43BD-6378-4BF1-B524-480E3316A56E}
	EndGlobalSection
EndGlobal
